
Microsoft Visual Studio Solution File, Format Version 12.00
# Visual Studio Version 16
VisualStudioVersion = 16.0.31410.357
MinimumVisualStudioVersion = 10.0.40219.1
Project("{9A19103F-16F7-4668-BE54-9A1E7A4F7556}") = "RqlGrammar", "RqlGrammar\RqlGrammar.csproj", "{0651F001-33BE-427B-8E6F-6254B0EB87DD}"
EndProject
Project("{FAE04EC0-301F-11D3-BF4B-00C04F79EFBC}") = "Tests", "Tests\Tests.csproj", "{95FFDB2F-4359-4C0E-A7A8-95CF9F13C915}"
EndProject
Global
	GlobalSection(SolutionConfigurationPlatforms) = preSolution
		Debug|Any CPU = Debug|Any CPU
		Release|Any CPU = Release|Any CPU
	EndGlobalSection
	GlobalSection(ProjectConfigurationPlatforms) = postSolution
		{0651F001-33BE-427B-8E6F-6254B0EB87DD}.Debug|Any CPU.ActiveCfg = Debug|Any CPU
		{0651F001-33BE-427B-8E6F-6254B0EB87DD}.Debug|Any CPU.Build.0 = Debug|Any CPU
		{0651F001-33BE-427B-8E6F-6254B0EB87DD}.Release|Any CPU.ActiveCfg = Release|Any CPU
		{0651F001-33BE-427B-8E6F-6254B0EB87DD}.Release|Any CPU.Build.0 = Release|Any CPU
		{95FFDB2F-4359-4C0E-A7A8-95CF9F13C915}.Debug|Any CPU.ActiveCfg = Debug|Any CPU
		{95FFDB2F-4359-4C0E-A7A8-95CF9F13C915}.Debug|Any CPU.Build.0 = Debug|Any CPU
		{95FFDB2F-4359-4C0E-A7A8-95CF9F13C915}.Release|Any CPU.ActiveCfg = Release|Any CPU
		{95FFDB2F-4359-4C0E-A7A8-95CF9F13C915}.Release|Any CPU.Build.0 = Release|Any CPU
	EndGlobalSection
	GlobalSection(SolutionProperties) = preSolution
		HideSolutionNode = FALSE
	EndGlobalSection
	GlobalSection(ExtensibilityGlobals) = postSolution
		SolutionGuid = {3E19C359-7850-4031-9C08-9CD1B9218E60}
	EndGlobalSection
EndGlobal
